
Microsoft Visual Studio Solution File, Format Version 12.00
# Visual Studio 15
VisualStudioVersion = 15.0.27130.2036
MinimumVisualStudioVersion = 10.0.40219.1
Project("{FAE04EC0-301F-11D3-BF4B-00C04F79EFBC}") = "Kontur.ImageTransformer", "Kontur.ImageTransformer\Kontur.ImageTransformer.csproj", "{9801585B-D1AA-4078-B9C4-7B7F8883E55E}"
EndProject
Project("{FAE04EC0-301F-11D3-BF4B-00C04F79EFBC}") = "Kontur.ImageTransformer.Transformer", "Kontur.ImageTransformer.Transformer\Kontur.ImageTransformer.Transformer.csproj", "{F00F1BE9-0194-425A-8073-012E983BDC94}"
EndProject
Project("{FAE04EC0-301F-11D3-BF4B-00C04F79EFBC}") = "Kontur.ImageTransformer.Transformer.Test", "Kontur.ImageTransformer.Transformer.Test\Kontur.ImageTransformer.Transformer.Test.csproj", "{F6684612-8005-4188-BE3F-1E9DC9F98CD8}"
EndProject
Global
	GlobalSection(SolutionConfigurationPlatforms) = preSolution
		Debug|Any CPU = Debug|Any CPU
		Release|Any CPU = Release|Any CPU
	EndGlobalSection
	GlobalSection(ProjectConfigurationPlatforms) = postSolution
		{9801585B-D1AA-4078-B9C4-7B7F8883E55E}.Debug|Any CPU.ActiveCfg = Debug|Any CPU
		{9801585B-D1AA-4078-B9C4-7B7F8883E55E}.Debug|Any CPU.Build.0 = Debug|Any CPU
		{9801585B-D1AA-4078-B9C4-7B7F8883E55E}.Release|Any CPU.ActiveCfg = Release|Any CPU
		{9801585B-D1AA-4078-B9C4-7B7F8883E55E}.Release|Any CPU.Build.0 = Release|Any CPU
		{F00F1BE9-0194-425A-8073-012E983BDC94}.Debug|Any CPU.ActiveCfg = Debug|Any CPU
		{F00F1BE9-0194-425A-8073-012E983BDC94}.Debug|Any CPU.Build.0 = Debug|Any CPU
		{F00F1BE9-0194-425A-8073-012E983BDC94}.Release|Any CPU.ActiveCfg = Release|Any CPU
		{F00F1BE9-0194-425A-8073-012E983BDC94}.Release|Any CPU.Build.0 = Release|Any CPU
		{F6684612-8005-4188-BE3F-1E9DC9F98CD8}.Debug|Any CPU.ActiveCfg = Debug|Any CPU
		{F6684612-8005-4188-BE3F-1E9DC9F98CD8}.Debug|Any CPU.Build.0 = Debug|Any CPU
		{F6684612-8005-4188-BE3F-1E9DC9F98CD8}.Release|Any CPU.ActiveCfg = Release|Any CPU
		{F6684612-8005-4188-BE3F-1E9DC9F98CD8}.Release|Any CPU.Build.0 = Release|Any CPU
	EndGlobalSection
	GlobalSection(SolutionProperties) = preSolution
		HideSolutionNode = FALSE
	EndGlobalSection
	GlobalSection(ExtensibilityGlobals) = postSolution
		SolutionGuid = {B54A5E3E-1FD9-466E-90E3-156515C3D2B2}
	EndGlobalSection
EndGlobal
